{
    "name": "bundler",
    "version": "1.0.0",
    "lockfileVersion": 3,
    "requires": true,
    "packages": {
        "": {
            "name": "bundler",
            "version": "1.0.0",
            "dependencies": {
                "@hyperjump/json-schema": "^1.6.5",
                "yaml": "*"
            }
        },
        "node_modules/@fastify/busboy": {
            "version": "2.0.0",
            "resolved": "https://registry.npmjs.org/@fastify/busboy/-/busboy-2.0.0.tgz",
            "integrity": "sha512-JUFJad5lv7jxj926GPgymrWQxxjPYuJNiNjNMzqT+HiuP6Vl3dk5xzG+8sTX96np0ZAluvaMzPsjhHZ5rNuNQQ==",
            "engines": {
                "node": ">=14"
            }
        },
        "node_modules/@hyperjump/json-pointer": {
            "version": "1.0.1",
            "resolved": "https://registry.npmjs.org/@hyperjump/json-pointer/-/json-pointer-1.0.1.tgz",
            "integrity": "sha512-vV2pSc7JCwbKEMzh8kr/ICZdO+UZbA3aZ7N8t7leDi9cduWKa9yoP5LS04LnsbErlPbUNHvWBFlbTaR/o/uf7A==",
            "dependencies": {
                "just-curry-it": "^5.3.0"
            },
            "funding": {
                "type": "github",
                "url": "https://github.com/sponsors/jdesrosiers"
            }
        },
        "node_modules/@hyperjump/json-schema": {
            "version": "1.6.5",
            "resolved": "https://registry.npmjs.org/@hyperjump/json-schema/-/json-schema-1.6.5.tgz",
            "integrity": "sha512-m9Ozq32JH9yy55JH4d/coXd2KGXKIWunzJZWr6J+rTRHvpchy7bZ7SBBLxLvslGJ5yoVSRQ4bEPh1mgJCzNhqg==",
            "dependencies": {
                "@hyperjump/json-pointer": "^1.0.0",
                "@hyperjump/pact": "^1.2.0",
                "@hyperjump/uri": "^1.2.0",
                "content-type": "^1.0.4",
                "fastest-stable-stringify": "^2.0.2",
                "just-curry-it": "^5.3.0",
                "undici": "^5.19.1",
                "uuid": "^9.0.0"
            },
            "engines": {
                "node": ">=18.0.0"
            },
            "funding": {
                "type": "github",
                "url": "https://github.com/sponsors/jdesrosiers"
            }
        },
        "node_modules/@hyperjump/pact": {
            "version": "1.2.0",
            "resolved": "https://registry.npmjs.org/@hyperjump/pact/-/pact-1.2.0.tgz",
            "integrity": "sha512-+NirBesJkhgZMRXzza8flnh0wwIuHZ9wSYjXSNAA1KQjHtn4Nho1wi3Y5PC7izBvoPKrPFt7J+qtEUkosav+zQ==",
            "dependencies": {
                "just-curry-it": "^5.3.0"
            },
            "funding": {
                "type": "github",
                "url": "https://github.com/sponsors/jdesrosiers"
            }
        },
        "node_modules/@hyperjump/uri": {
            "version": "1.2.2",
            "resolved": "https://registry.npmjs.org/@hyperjump/uri/-/uri-1.2.2.tgz",
            "integrity": "sha512-Zn8AZb/j54KKUCckmcOzKCSCKpIpMVBc60zYaajD8Dq/1g4UN6TfAFi+uDa5o/6rf+I+5xDZjZpdzwfuhlC0xQ==",
            "funding": {
                "type": "github",
                "url": "https://github.com/sponsors/jdesrosiers"
            }
        },
        "node_modules/content-type": {
            "version": "1.0.5",
            "resolved": "https://registry.npmjs.org/content-type/-/content-type-1.0.5.tgz",
            "integrity": "sha512-nTjqfcBFEipKdXCv4YDQWCfmcLZKm81ldF0pAopTvyrFGVbcR6P/VAAd5G7N+0tTr8QqiU0tFadD6FK4NtJwOA==",
            "engines": {
                "node": ">= 0.6"
            }
        },
        "node_modules/fastest-stable-stringify": {
            "version": "2.0.2",
            "resolved": "https://registry.npmjs.org/fastest-stable-stringify/-/fastest-stable-stringify-2.0.2.tgz",
            "integrity": "sha512-bijHueCGd0LqqNK9b5oCMHc0MluJAx0cwqASgbWMvkO01lCYgIhacVRLcaDz3QnyYIRNJRDwMb41VuT6pHJ91Q=="
        },
        "node_modules/just-curry-it": {
            "version": "5.3.0",
            "resolved": "https://registry.npmjs.org/just-curry-it/-/just-curry-it-5.3.0.tgz",
            "integrity": "sha512-silMIRiFjUWlfaDhkgSzpuAyQ6EX/o09Eu8ZBfmFwQMbax7+LQzeIU2CBrICT6Ne4l86ITCGvUCBpCubWYy0Yw=="
        },
        "node_modules/undici": {
            "version": "5.26.3",
            "resolved": "https://registry.npmjs.org/undici/-/undici-5.26.3.tgz",
            "integrity": "sha512-H7n2zmKEWgOllKkIUkLvFmsJQj062lSm3uA4EYApG8gLuiOM0/go9bIoC3HVaSnfg4xunowDE2i9p8drkXuvDw==",
            "dependencies": {
                "@fastify/busboy": "^2.0.0"
            },
            "engines": {
                "node": ">=14.0"
            }
        },
        "node_modules/uuid": {
            "version": "9.0.1",
            "resolved": "https://registry.npmjs.org/uuid/-/uuid-9.0.1.tgz",
            "integrity": "sha512-b+1eJOlsR9K8HJpow9Ok3fiWOWSIcIzXodvv0rQjVoOVNpWMpxf1wZNpt4y9h10odCNrqnYp1OBzRktckBe3sA==",
            "funding": [
                "https://github.com/sponsors/broofa",
                "https://github.com/sponsors/ctavan"
            ],
            "bin": {
                "uuid": "dist/bin/uuid"
            }
        },
        "node_modules/yaml": {
            "version": "2.4.1",
            "resolved": "https://registry.npmjs.org/yaml/-/yaml-2.4.1.tgz",
            "integrity": "sha512-pIXzoImaqmfOrL7teGUBt/T7ZDnyeGBWyXQBvOVhLkWLN37GXv8NMLK406UY6dS51JfcQHsmcW5cJ441bHg6Lg==",
            "bin": {
                "yaml": "bin.mjs"
            },
            "engines": {
                "node": ">= 14"
            }
        }
    }
}
